
Microsoft Visual Studio Solution File, Format Version 12.00
# Visual Studio Version 17
VisualStudioVersion = 17.5.002.0
MinimumVisualStudioVersion = 10.0.40219.1
Project("{9A19103F-16F7-4668-BE54-9A1E7A4F7556}") = "ProyectoFinal---Backend", "ProyectoFinal---Backend.csproj", "{8AFFAA8D-CC33-4199-8872-02E9D0F593E0}"
EndProject
Global
	GlobalSection(SolutionConfigurationPlatforms) = preSolution
		Debug|Any CPU = Debug|Any CPU
		Release|Any CPU = Release|Any CPU
	EndGlobalSection
	GlobalSection(ProjectConfigurationPlatforms) = postSolution
		{8AFFAA8D-CC33-4199-8872-02E9D0F593E0}.Debug|Any CPU.ActiveCfg = Debug|Any CPU
		{8AFFAA8D-CC33-4199-8872-02E9D0F593E0}.Debug|Any CPU.Build.0 = Debug|Any CPU
		{8AFFAA8D-CC33-4199-8872-02E9D0F593E0}.Release|Any CPU.ActiveCfg = Release|Any CPU
		{8AFFAA8D-CC33-4199-8872-02E9D0F593E0}.Release|Any CPU.Build.0 = Release|Any CPU
	EndGlobalSection
	GlobalSection(SolutionProperties) = preSolution
		HideSolutionNode = FALSE
	EndGlobalSection
	GlobalSection(ExtensibilityGlobals) = postSolution
		SolutionGuid = {81043AED-E2F3-45BB-9DDC-3E47076118FD}
	EndGlobalSection
EndGlobal
